
Microsoft Visual Studio Solution File, Format Version 12.00
# Visual Studio 2013
VisualStudioVersion = 12.0.40629.0
MinimumVisualStudioVersion = 10.0.40219.1
Project("{8BC9CEB8-8B4A-11D0-8D11-00A0C91BC942}") = "libevent-2.0.22-stable", "libevent-2.0.22-stable\libevent-2.0.22-stable.vcxproj", "{CF3D36BD-FF43-4219-A100-FA39D6E07902}"
EndProject
Global
	GlobalSection(SolutionConfigurationPlatforms) = preSolution
		Debug|Win32 = Debug|Win32
		Release|Win32 = Release|Win32
	EndGlobalSection
	GlobalSection(ProjectConfigurationPlatforms) = postSolution
		{CF3D36BD-FF43-4219-A100-FA39D6E07902}.Debug|Win32.ActiveCfg = Debug|Win32
		{CF3D36BD-FF43-4219-A100-FA39D6E07902}.Debug|Win32.Build.0 = Debug|Win32
		{CF3D36BD-FF43-4219-A100-FA39D6E07902}.Release|Win32.ActiveCfg = Release|Win32
		{CF3D36BD-FF43-4219-A100-FA39D6E07902}.Release|Win32.Build.0 = Release|Win32
	EndGlobalSection
	GlobalSection(SolutionProperties) = preSolution
		HideSolutionNode = FALSE
	EndGlobalSection
EndGlobal
